
Microsoft Visual Studio Solution File, Format Version 12.00
# Visual Studio Version 16
VisualStudioVersion = 16.0.29806.167
MinimumVisualStudioVersion = 10.0.40219.1
Project("{FAE04EC0-301F-11D3-BF4B-00C04F79EFBC}") = "ContactAccounting", "ContactAccounting\ContactAccounting.csproj", "{F79C9265-B7C5-4BD8-B99B-7776A72DF414}"
EndProject
Project("{FAE04EC0-301F-11D3-BF4B-00C04F79EFBC}") = "Persistent", "Persistent\Persistent.csproj", "{2AE42F37-BC33-4206-B157-FCBC0C97392C}"
EndProject
Project("{FAE04EC0-301F-11D3-BF4B-00C04F79EFBC}") = "BL", "BL\BL.csproj", "{0BD95FA4-0BF6-4007-B1E4-EF78212C00A2}"
EndProject
Global
	GlobalSection(SolutionConfigurationPlatforms) = preSolution
		Debug|Any CPU = Debug|Any CPU
		Release|Any CPU = Release|Any CPU
	EndGlobalSection
	GlobalSection(ProjectConfigurationPlatforms) = postSolution
		{F79C9265-B7C5-4BD8-B99B-7776A72DF414}.Debug|Any CPU.ActiveCfg = Debug|Any CPU
		{F79C9265-B7C5-4BD8-B99B-7776A72DF414}.Debug|Any CPU.Build.0 = Debug|Any CPU
		{F79C9265-B7C5-4BD8-B99B-7776A72DF414}.Release|Any CPU.ActiveCfg = Release|Any CPU
		{F79C9265-B7C5-4BD8-B99B-7776A72DF414}.Release|Any CPU.Build.0 = Release|Any CPU
		{2AE42F37-BC33-4206-B157-FCBC0C97392C}.Debug|Any CPU.ActiveCfg = Debug|Any CPU
		{2AE42F37-BC33-4206-B157-FCBC0C97392C}.Debug|Any CPU.Build.0 = Debug|Any CPU
		{2AE42F37-BC33-4206-B157-FCBC0C97392C}.Release|Any CPU.ActiveCfg = Release|Any CPU
		{2AE42F37-BC33-4206-B157-FCBC0C97392C}.Release|Any CPU.Build.0 = Release|Any CPU
		{0BD95FA4-0BF6-4007-B1E4-EF78212C00A2}.Debug|Any CPU.ActiveCfg = Debug|Any CPU
		{0BD95FA4-0BF6-4007-B1E4-EF78212C00A2}.Debug|Any CPU.Build.0 = Debug|Any CPU
		{0BD95FA4-0BF6-4007-B1E4-EF78212C00A2}.Release|Any CPU.ActiveCfg = Release|Any CPU
		{0BD95FA4-0BF6-4007-B1E4-EF78212C00A2}.Release|Any CPU.Build.0 = Release|Any CPU
	EndGlobalSection
	GlobalSection(SolutionProperties) = preSolution
		HideSolutionNode = FALSE
	EndGlobalSection
	GlobalSection(ExtensibilityGlobals) = postSolution
		SolutionGuid = {7F257E1E-43D0-476A-BB23-C85C39DF4C59}
	EndGlobalSection
EndGlobal
